{
  "nodes": {
    "flake-compat": {
      "flake": false,
      "locked": {
        "lastModified": 1777699697,
        "narHash": "sha256-Eg9b/rq/ECYwNwEXs5i9wHyhxNI0JrYx2srdI2uZMaQ=",
        "ref": "refs/heads/main",
        "rev": "382052b74656a369c5408822af3f2501e9b1af81",
        "revCount": 94,
        "type": "git",
        "url": "https://git.lix.systems/lix-project/flake-compat.git"
      },
      "original": {
        "type": "git",
        "url": "https://git.lix.systems/lix-project/flake-compat.git"
      }
    },
    "mnw": {
      "locked": {
        "lastModified": 1780772958,
        "narHash": "sha256-VKKe8r4pwCGWZ3Yr9CPN129R4S3CKLSrlYqdYz3vKpM=",
        "owner": "Gerg-L",
        "repo": "mnw",
        "rev": "0871dbf63a53610c95db04439ed8ea4d6ec9c160",
        "type": "github"
      },
      "original": {
        "owner": "Gerg-L",
        "repo": "mnw",
        "type": "github"
      }
    },
    "nixpkgs": {
      "locked": {
        "lastModified": 1787070829,
        "narHash": "sha256-vXNVDVtvfiQuXthP0NHPFdNvvMTkGpx0UP8oddIWbNk=",
        "owner": "NixOS",
        "repo": "nixpkgs",
        "rev": "0ae2bc1419c3f345984c2629e72e7a631820fa4d",
        "type": "github"
      },
      "original": {
        "owner": "NixOS",
        "ref": "nixos-unstable",
        "repo": "nixpkgs",
        "type": "github"
      }
    },
    "nvf": {
      "inputs": {
        "flake-compat": "flake-compat",
        "mnw": "mnw",
        "nixpkgs": [
          "nixpkgs"
        ]
      },
      "locked": {
        "lastModified": 1787126282,
        "narHash": "sha256-RDsuYrkrEN7Mmv5q2V+Nj9xkN/E9metBdZw6saGvVPE=",
        "owner": "notashelf",
        "repo": "nvf",
        "rev": "73b778688805c8c1518e01cc928d5244a1b18308",
        "type": "github"
      },
      "original": {
        "owner": "notashelf",
        "repo": "nvf",
        "type": "github"
      }
    },
    "root": {
      "inputs": {
        "nixpkgs": "nixpkgs",
        "nvf": "nvf",
        "txm-nvim": "txm-nvim"
      }
    },
    "txm-nvim": {
      "flake": false,
      "locked": {
        "lastModified": 1783887790,
        "narHash": "sha256-3wwRJN4jlkha61GstTgHxKQivdrgc5Q/NnvqG7UwqC4=",
        "owner": "rv178",
        "repo": "txm.nvim",
        "rev": "6729cea25ec6febfc12823f2fa30a5567b67d785",
        "type": "github"
      },
      "original": {
        "owner": "rv178",
        "repo": "txm.nvim",
        "type": "github"
      }
    }
  },
  "root": "root",
  "version": 7
}
